// !$*UTF8*$!
{
	archiveVersion = 1;
	classes = {
	};
	objectVersion = 50;
	objects = {

/* Begin PBXBuildFile section */
		99D6B0BB2232906C007C72CC /* AppDelegate.swift in Sources */ = {isa = PBXBuildFile; fileRef = 99D6B0BA2232906C007C72CC /* AppDelegate.swift */; };
		99D6B0BD2232906C007C72CC /* ViewController.swift in Sources */ = {isa = PBXBuildFile; fileRef = 99D6B0BC2232906C007C72CC /* ViewController.swift */; };
		99D6B0C02232906C007C72CC /* Main.storyboard in Resources */ = {isa = PBXBuildFile; fileRef = 99D6B0BE2232906C007C72CC /* Main.storyboard */; };
		99D6B0C22232906E007C72CC /* Assets.xcassets in Resources */ = {isa = PBXBuildFile; fileRef = 99D6B0C12232906E007C72CC /* Assets.xcassets */; };
		99D6B0C52232906E007C72CC /* LaunchScreen.storyboard in Resources */ = {isa = PBXBuildFile; fileRef = 99D6B0C32232906E007C72CC /* LaunchScreen.storyboard */; };
		99D6B0D02232906E007C72CC /* FastlaneProTests.swift in Sources */ = {isa = PBXBuildFile; fileRef = 99D6B0CF2232906E007C72CC /* FastlaneProTests.swift */; };
		99D6B0DB2232906E007C72CC /* FastlaneProUITests.swift in Sources */ = {isa = PBXBuildFile; fileRef = 99D6B0DA2232906E007C72CC /* FastlaneProUITests.swift */; };
		99D6B0EA223290CB007C72CC /* Fabric.framework in Frameworks */ = {isa = PBXBuildFile; fileRef = 99D6B0E8223290CB007C72CC /* Fabric.framework */; };
		99D6B0EB223290CB007C72CC /* Crashlytics.framework in Frameworks */ = {isa = PBXBuildFile; fileRef = 99D6B0E9223290CB007C72CC /* Crashlytics.framework */; };
/* End PBXBuildFile section */

/* Begin PBXContainerItemProxy section */
		99D6B0CC2232906E007C72CC /* PBXContainerItemProxy */ = {
			isa = PBXContainerItemProxy;
			containerPortal = 99D6B0AF2232906C007C72CC /* Project object */;
			proxyType = 1;
			remoteGlobalIDString = 99D6B0B62232906C007C72CC;
			remoteInfo = FastlanePro;
		};
		99D6B0D72232906E007C72CC /* PBXContainerItemProxy */ = {
			isa = PBXContainerItemProxy;
			containerPortal = 99D6B0AF2232906C007C72CC /* Project object */;
			proxyType = 1;
			remoteGlobalIDString = 99D6B0B62232906C007C72CC;
			remoteInfo = FastlanePro;
		};
/* End PBXContainerItemProxy section */

/* Begin PBXFileReference section */
		99D6B0B72232906C007C72CC /* FastlanePro.app */ = {isa = PBXFileReference; explicitFileType = wrapper.application; includeInIndex = 0; path = FastlanePro.app; sourceTree = BUILT_PRODUCTS_DIR; };
		99D6B0BA2232906C007C72CC /* AppDelegate.swift */ = {isa = PBXFileReference; lastKnownFileType = sourcecode.swift; path = AppDelegate.swift; sourceTree = "<group>"; };
		99D6B0BC2232906C007C72CC /* ViewController.swift */ = {isa = PBXFileReference; lastKnownFileType = sourcecode.swift; path = ViewController.swift; sourceTree = "<group>"; };
		99D6B0BF2232906C007C72CC /* Base */ = {isa = PBXFileReference; lastKnownFileType = file.storyboard; name = Base; path = Base.lproj/Main.storyboard; sourceTree = "<group>"; };
		99D6B0C12232906E007C72CC /* Assets.xcassets */ = {isa = PBXFileReference; lastKnownFileType = folder.assetcatalog; path = Assets.xcassets; sourceTree = "<group>"; };
		99D6B0C42232906E007C72CC /* Base */ = {isa = PBXFileReference; lastKnownFileType = file.storyboard; name = Base; path = Base.lproj/LaunchScreen.storyboard; sourceTree = "<group>"; };
		99D6B0C62232906E007C72CC /* Info.plist */ = {isa = PBXFileReference; lastKnownFileType = text.plist.xml; path = Info.plist; sourceTree = "<group>"; };
		99D6B0CB2232906E007C72CC /* FastlaneProTests.xctest */ = {isa = PBXFileReference; explicitFileType = wrapper.cfbundle; includeInIndex = 0; path = FastlaneProTests.xctest; sourceTree = BUILT_PRODUCTS_DIR; };
		99D6B0CF2232906E007C72CC /* FastlaneProTests.swift */ = {isa = PBXFileReference; lastKnownFileType = sourcecode.swift; path = FastlaneProTests.swift; sourceTree = "<group>"; };
		99D6B0D12232906E007C72CC /* Info.plist */ = {isa = PBXFileReference; lastKnownFileType = text.plist.xml; path = Info.plist; sourceTree = "<group>"; };
		99D6B0D62232906E007C72CC /* FastlaneProUITests.xctest */ = {isa = PBXFileReference; explicitFileType = wrapper.cfbundle; includeInIndex = 0; path = FastlaneProUITests.xctest; sourceTree = BUILT_PRODUCTS_DIR; };
		99D6B0DA2232906E007C72CC /* FastlaneProUITests.swift */ = {isa = PBXFileReference; lastKnownFileType = sourcecode.swift; path = FastlaneProUITests.swift; sourceTree = "<group>"; };
		99D6B0DC2232906E007C72CC /* Info.plist */ = {isa = PBXFileReference; lastKnownFileType = text.plist.xml; path = Info.plist; sourceTree = "<group>"; };
		99D6B0E8223290CB007C72CC /* Fabric.framework */ = {isa = PBXFileReference; lastKnownFileType = wrapper.framework; path = Fabric.framework; sourceTree = "<group>"; };
		99D6B0E9223290CB007C72CC /* Crashlytics.framework */ = {isa = PBXFileReference; lastKnownFileType = wrapper.framework; path = Crashlytics.framework; sourceTree = "<group>"; };
/* End PBXFileReference section */

/* Begin PBXFrameworksBuildPhase section */
		99D6B0B42232906C007C72CC /* Frameworks */ = {
			isa = PBXFrameworksBuildPhase;
			buildActionMask = 2147483647;
			files = (
				99D6B0EB223290CB007C72CC /* Crashlytics.framework in Frameworks */,
				99D6B0EA223290CB007C72CC /* Fabric.framework in Frameworks */,
			);
			runOnlyForDeploymentPostprocessing = 0;
		};
		99D6B0C82232906E007C72CC /* Frameworks */ = {
			isa = PBXFrameworksBuildPhase;
			buildActionMask = 2147483647;
			files = (
			);
			runOnlyForDeploymentPostprocessing = 0;
		};
		99D6B0D32232906E007C72CC /* Frameworks */ = {
			isa = PBXFrameworksBuildPhase;
			buildActionMask = 2147483647;
			files = (
			);
			runOnlyForDeploymentPostprocessing = 0;
		};
/* End PBXFrameworksBuildPhase section */

/* Begin PBXGroup section */
		99D6B0AE2232906C007C72CC = {
			isa = PBXGroup;
			children = (
				99D6B0E9223290CB007C72CC /* Crashlytics.framework */,
				99D6B0E8223290CB007C72CC /* Fabric.framework */,
				99D6B0B92232906C007C72CC /* FastlanePro */,
				99D6B0CE2232906E007C72CC /* FastlaneProTests */,
				99D6B0D92232906E007C72CC /* FastlaneProUITests */,
				99D6B0B82232906C007C72CC /* Products */,
			);
			sourceTree = "<group>";
		};
		99D6B0B82232906C007C72CC /* Products */ = {
			isa = PBXGroup;
			children = (
				99D6B0B72232906C007C72CC /* FastlanePro.app */,
				99D6B0CB2232906E007C72CC /* FastlaneProTests.xctest */,
				99D6B0D62232906E007C72CC /* FastlaneProUITests.xctest */,
			);
			name = Products;
			sourceTree = "<group>";
		};
		99D6B0B92232906C007C72CC /* FastlanePro */ = {
			isa = PBXGroup;
			children = (
				99D6B0BA2232906C007C72CC /* AppDelegate.swift */,
				99D6B0BC2232906C007C72CC /* ViewController.swift */,
				99D6B0BE2232906C007C72CC /* Main.storyboard */,
				99D6B0C12232906E007C72CC /* Assets.xcassets */,
				99D6B0C32232906E007C72CC /* LaunchScreen.storyboard */,
				99D6B0C62232906E007C72CC /* Info.plist */,
			);
			path = FastlanePro;
			sourceTree = "<group>";
		};
		99D6B0CE2232906E007C72CC /* FastlaneProTests */ = {
			isa = PBXGroup;
			children = (
				99D6B0CF2232906E007C72CC /* FastlaneProTests.swift */,
				99D6B0D12232906E007C72CC /* Info.plist */,
			);
			path = FastlaneProTests;
			sourceTree = "<group>";
		};
		99D6B0D92232906E007C72CC /* FastlaneProUITests */ = {
			isa = PBXGroup;
			children = (
				99D6B0DA2232906E007C72CC /* FastlaneProUITests.swift */,
				99D6B0DC2232906E007C72CC /* Info.plist */,
			);
			path = FastlaneProUITests;
			sourceTree = "<group>";
		};
/* End PBXGroup section */

/* Begin PBXNativeTarget section */
		99D6B0B62232906C007C72CC /* FastlanePro */ = {
			isa = PBXNativeTarget;
			buildConfigurationList = 99D6B0DF2232906E007C72CC /* Build configuration list for PBXNativeTarget "FastlanePro" */;
			buildPhases = (
				99D6B0B32232906C007C72CC /* Sources */,
				99D6B0B42232906C007C72CC /* Frameworks */,
				99D6B0B52232906C007C72CC /* Resources */,
			);
			buildRules = (
			);
			dependencies = (
			);
			name = FastlanePro;
			productName = FastlanePro;
			productReference = 99D6B0B72232906C007C72CC /* FastlanePro.app */;
			productType = "com.apple.product-type.application";
		};
		99D6B0CA2232906E007C72CC /* FastlaneProTests */ = {
			isa = PBXNativeTarget;
			buildConfigurationList = 99D6B0E22232906E007C72CC /* Build configuration list for PBXNativeTarget "FastlaneProTests" */;
			buildPhases = (
				99D6B0C72232906E007C72CC /* Sources */,
				99D6B0C82232906E007C72CC /* Frameworks */,
				99D6B0C92232906E007C72CC /* Resources */,
			);
			buildRules = (
			);
			dependencies = (
				99D6B0CD2232906E007C72CC /* PBXTargetDependency */,
			);
			name = FastlaneProTests;
			productName = FastlaneProTests;
			productReference = 99D6B0CB2232906E007C72CC /* FastlaneProTests.xctest */;
			productType = "com.apple.product-type.bundle.unit-test";
		};
		99D6B0D52232906E007C72CC /* FastlaneProUITests */ = {
			isa = PBXNativeTarget;
			buildConfigurationList = 99D6B0E52232906E007C72CC /* Build configuration list for PBXNativeTarget "FastlaneProUITests" */;
			buildPhases = (
				99D6B0D22232906E007C72CC /* Sources */,
				99D6B0D32232906E007C72CC /* Frameworks */,
				99D6B0D42232906E007C72CC /* Resources */,
			);
			buildRules = (
			);
			dependencies = (
				99D6B0D82232906E007C72CC /* PBXTargetDependency */,
			);
			name = FastlaneProUITests;
			productName = FastlaneProUITests;
			productReference = 99D6B0D62232906E007C72CC /* FastlaneProUITests.xctest */;
			productType = "com.apple.product-type.bundle.ui-testing";
		};
/* End PBXNativeTarget section */

/* Begin PBXProject section */
		99D6B0AF2232906C007C72CC /* Project object */ = {
			isa = PBXProject;
			attributes = {
				LastSwiftUpdateCheck = 1010;
				LastUpgradeCheck = 1010;
				ORGANIZATIONNAME = onebyte;
				TargetAttributes = {
					99D6B0B62232906C007C72CC = {
						CreatedOnToolsVersion = 10.1;
					};
					99D6B0CA2232906E007C72CC = {
						CreatedOnToolsVersion = 10.1;
						TestTargetID = 99D6B0B62232906C007C72CC;
					};
					99D6B0D52232906E007C72CC = {
						CreatedOnToolsVersion = 10.1;
						TestTargetID = 99D6B0B62232906C007C72CC;
					};
				};
			};
			buildConfigurationList = 99D6B0B22232906C007C72CC /* Build configuration list for PBXProject "FastlanePro" */;
			compatibilityVersion = "Xcode 9.3";
			developmentRegion = en;
			hasScannedForEncodings = 0;
			knownRegions = (
				en,
				Base,
			);
			mainGroup = 99D6B0AE2232906C007C72CC;
			productRefGroup = 99D6B0B82232906C007C72CC /* Products */;
			projectDirPath = "";
			projectRoot = "";
			targets = (
				99D6B0B62232906C007C72CC /* FastlanePro */,
				99D6B0CA2232906E007C72CC /* FastlaneProTests */,
				99D6B0D52232906E007C72CC /* FastlaneProUITests */,
			);
		};
/* End PBXProject section */

/* Begin PBXResourcesBuildPhase section */
		99D6B0B52232906C007C72CC /* Resources */ = {
			isa = PBXResourcesBuildPhase;
			buildActionMask = 2147483647;
			files = (
				99D6B0C52232906E007C72CC /* LaunchScreen.storyboard in Resources */,
				99D6B0C22232906E007C72CC /* Assets.xcassets in Resources */,
				99D6B0C02232906C007C72CC /* Main.storyboard in Resources */,
			);
			runOnlyForDeploymentPostprocessing = 0;
		};
		99D6B0C92232906E007C72CC /* Resources */ = {
			isa = PBXResourcesBuildPhase;
			buildActionMask = 2147483647;
			files = (
			);
			runOnlyForDeploymentPostprocessing = 0;
		};
		99D6B0D42232906E007C72CC /* Resources */ = {
			isa = PBXResourcesBuildPhase;
			buildActionMask = 2147483647;
			files = (
			);
			runOnlyForDeploymentPostprocessing = 0;
		};
/* End PBXResourcesBuildPhase section */

/* Begin PBXSourcesBuildPhase section */
		99D6B0B32232906C007C72CC /* Sources */ = {
			isa = PBXSourcesBuildPhase;
			buildActionMask = 2147483647;
			files = (
				99D6B0BD2232906C007C72CC /* ViewController.swift in Sources */,
				99D6B0BB2232906C007C72CC /* AppDelegate.swift in Sources */,
			);
			runOnlyForDeploymentPostprocessing = 0;
		};
		99D6B0C72232906E007C72CC /* Sources */ = {
			isa = PBXSourcesBuildPhase;
			buildActionMask = 2147483647;
			files = (
				99D6B0D02232906E007C72CC /* FastlaneProTests.swift in Sources */,
			);
			runOnlyForDeploymentPostprocessing = 0;
		};
		99D6B0D22232906E007C72CC /* Sources */ = {
			isa = PBXSourcesBuildPhase;
			buildActionMask = 2147483647;
			files = (
				99D6B0DB2232906E007C72CC /* FastlaneProUITests.swift in Sources */,
			);
			runOnlyForDeploymentPostprocessing = 0;
		};
/* End PBXSourcesBuildPhase section */

/* Begin PBXTargetDependency section */
		99D6B0CD2232906E007C72CC /* PBXTargetDependency */ = {
			isa = PBXTargetDependency;
			target = 99D6B0B62232906C007C72CC /* FastlanePro */;
			targetProxy = 99D6B0CC2232906E007C72CC /* PBXContainerItemProxy */;
		};
		99D6B0D82232906E007C72CC /* PBXTargetDependency */ = {
			isa = PBXTargetDependency;
			target = 99D6B0B62232906C007C72CC /* FastlanePro */;
			targetProxy = 99D6B0D72232906E007C72CC /* PBXContainerItemProxy */;
		};
/* End PBXTargetDependency section */

/* Begin PBXVariantGroup section */
		99D6B0BE2232906C007C72CC /* Main.storyboard */ = {
			isa = PBXVariantGroup;
			children = (
				99D6B0BF2232906C007C72CC /* Base */,
			);
			name = Main.storyboard;
			sourceTree = "<group>";
		};
		99D6B0C32232906E007C72CC /* LaunchScreen.storyboard */ = {
			isa = PBXVariantGroup;
			children = (
				99D6B0C42232906E007C72CC /* Base */,
			);
			name = LaunchScreen.storyboard;
			sourceTree = "<group>";
		};
/* End PBXVariantGroup section */

/* Begin XCBuildConfiguration section */
		99D6B0DD2232906E007C72CC /* Debug */ = {
			isa = XCBuildConfiguration;
			buildSettings = {
				ALWAYS_SEARCH_USER_PATHS = NO;
				CLANG_ANALYZER_NONNULL = YES;
				CLANG_ANALYZER_NUMBER_OBJECT_CONVERSION = YES_AGGRESSIVE;
				CLANG_CXX_LANGUAGE_STANDARD = "gnu++14";
				CLANG_CXX_LIBRARY = "libc++";
				CLANG_ENABLE_MODULES = YES;
				CLANG_ENABLE_OBJC_ARC = YES;
				CLANG_ENABLE_OBJC_WEAK = YES;
				CLANG_WARN_BLOCK_CAPTURE_AUTORELEASING = YES;
				CLANG_WARN_BOOL_CONVERSION = YES;
				CLANG_WARN_COMMA = YES;
				CLANG_WARN_CONSTANT_CONVERSION = YES;
				CLANG_WARN_DEPRECATED_OBJC_IMPLEMENTATIONS = YES;
				CLANG_WARN_DIRECT_OBJC_ISA_USAGE = YES_ERROR;
				CLANG_WARN_DOCUMENTATION_COMMENTS = YES;
				CLANG_WARN_EMPTY_BODY = YES;
				CLANG_WARN_ENUM_CONVERSION = YES;
				CLANG_WARN_INFINITE_RECURSION = YES;
				CLANG_WARN_INT_CONVERSION = YES;
				CLANG_WARN_NON_LITERAL_NULL_CONVERSION = YES;
				CLANG_WARN_OBJC_IMPLICIT_RETAIN_SELF = YES;
				CLANG_WARN_OBJC_LITERAL_CONVERSION = YES;
				CLANG_WARN_OBJC_ROOT_CLASS = YES_ERROR;
				CLANG_WARN_RANGE_LOOP_ANALYSIS = YES;
				CLANG_WARN_STRICT_PROTOTYPES = YES;
				CLANG_WARN_SUSPICIOUS_MOVE = YES;
				CLANG_WARN_UNGUARDED_AVAILABILITY = YES_AGGRESSIVE;
				CLANG_WARN_UNREACHABLE_CODE = YES;
				CLANG_WARN__DUPLICATE_METHOD_MATCH = YES;
				CODE_SIGN_IDENTITY = "iPhone Developer";
				COPY_PHASE_STRIP = NO;
				DEBUG_INFORMATION_FORMAT = dwarf;
				ENABLE_STRICT_OBJC_MSGSEND = YES;
				ENABLE_TESTABILITY = YES;
				GCC_C_LANGUAGE_STANDARD = gnu11;
				GCC_DYNAMIC_NO_PIC = NO;
				GCC_NO_COMMON_BLOCKS = YES;
				GCC_OPTIMIZATION_LEVEL = 0;
				GCC_PREPROCESSOR_DEFINITIONS = (
					"DEBUG=1",
					"$(inherited)",
				);
				GCC_WARN_64_TO_32_BIT_CONVERSION = YES;
				GCC_WARN_ABOUT_RETURN_TYPE = YES_ERROR;
				GCC_WARN_UNDECLARED_SELECTOR = YES;
				GCC_WARN_UNINITIALIZED_AUTOS = YES_AGGRESSIVE;
				GCC_WARN_UNUSED_FUNCTION = YES;
				GCC_WARN_UNUSED_VARIABLE = YES;
				IPHONEOS_DEPLOYMENT_TARGET = 12.1;
				MTL_ENABLE_DEBUG_INFO = INCLUDE_SOURCE;
				MTL_FAST_MATH = YES;
				ONLY_ACTIVE_ARCH = YES;
				SDKROOT = iphoneos;
				SWIFT_ACTIVE_COMPILATION_CONDITIONS = DEBUG;
				SWIFT_OPTIMIZATION_LEVEL = "-Onone";
			};
			name = Debug;
		};
		99D6B0DE2232906E007C72CC /* Release */ = {
			isa = XCBuildConfiguration;
			buildSettings = {
				ALWAYS_SEARCH_USER_PATHS = NO;
				CLANG_ANALYZER_NONNULL = YES;
				CLANG_ANALYZER_NUMBER_OBJECT_CONVERSION = YES_AGGRESSIVE;
				CLANG_CXX_LANGUAGE_STANDARD = "gnu++14";
				CLANG_CXX_LIBRARY = "libc++";
				CLANG_ENABLE_MODULES = YES;
				CLANG_ENABLE_OBJC_ARC = YES;
				CLANG_ENABLE_OBJC_WEAK = YES;
				CLANG_WARN_BLOCK_CAPTURE_AUTORELEASING = YES;
				CLANG_WARN_BOOL_CONVERSION = YES;
				CLANG_WARN_COMMA = YES;
				CLANG_WARN_CONSTANT_CONVERSION = YES;
				CLANG_WARN_DEPRECATED_OBJC_IMPLEMENTATIONS = YES;
				CLANG_WARN_DIRECT_OBJC_ISA_USAGE = YES_ERROR;
				CLANG_WARN_DOCUMENTATION_COMMENTS = YES;
				CLANG_WARN_EMPTY_BODY = YES;
				CLANG_WARN_ENUM_CONVERSION = YES;
				CLANG_WARN_INFINITE_RECURSION = YES;
				CLANG_WARN_INT_CONVERSION = YES;
				CLANG_WARN_NON_LITERAL_NULL_CONVERSION = YES;
				CLANG_WARN_OBJC_IMPLICIT_RETAIN_SELF = YES;
				CLANG_WARN_OBJC_LITERAL_CONVERSION = YES;
				CLANG_WARN_OBJC_ROOT_CLASS = YES_ERROR;
				CLANG_WARN_RANGE_LOOP_ANALYSIS = YES;
				CLANG_WARN_STRICT_PROTOTYPES = YES;
				CLANG_WARN_SUSPICIOUS_MOVE = YES;
				CLANG_WARN_UNGUARDED_AVAILABILITY = YES_AGGRESSIVE;
				CLANG_WARN_UNREACHABLE_CODE = YES;
				CLANG_WARN__DUPLICATE_METHOD_MATCH = YES;
				CODE_SIGN_IDENTITY = "iPhone Developer";
				COPY_PHASE_STRIP = NO;
				DEBUG_INFORMATION_FORMAT = "dwarf-with-dsym";
				ENABLE_NS_ASSERTIONS = NO;
				ENABLE_STRICT_OBJC_MSGSEND = YES;
				GCC_C_LANGUAGE_STANDARD = gnu11;
				GCC_NO_COMMON_BLOCKS = YES;
				GCC_WARN_64_TO_32_BIT_CONVERSION = YES;
				GCC_WARN_ABOUT_RETURN_TYPE = YES_ERROR;
				GCC_WARN_UNDECLARED_SELECTOR = YES;
				GCC_WARN_UNINITIALIZED_AUTOS = YES_AGGRESSIVE;
				GCC_WARN_UNUSED_FUNCTION = YES;
				GCC_WARN_UNUSED_VARIABLE = YES;
				IPHONEOS_DEPLOYMENT_TARGET = 12.1;
				MTL_ENABLE_DEBUG_INFO = NO;
				MTL_FAST_MATH = YES;
				SDKROOT = iphoneos;
				SWIFT_COMPILATION_MODE = wholemodule;
				SWIFT_OPTIMIZATION_LEVEL = "-O";
				VALIDATE_PRODUCT = YES;
			};
			name = Release;
		};
		99D6B0E02232906E007C72CC /* Debug */ = {
			isa = XCBuildConfiguration;
			buildSettings = {
				ASSETCATALOG_COMPILER_APPICON_NAME = AppIcon;
				CODE_SIGN_STYLE = Manual;
				DEVELOPMENT_TEAM = VKX3Q5UM4M;
				FRAMEWORK_SEARCH_PATHS = (
					"$(inherited)",
					"$(PROJECT_DIR)",
				);
				INFOPLIST_FILE = FastlanePro/Info.plist;
				LD_RUNPATH_SEARCH_PATHS = (
					"$(inherited)",
					"@executable_path/Frameworks",
				);
				PRODUCT_BUNDLE_IDENTIFIER = com.onebyte.OneLife;
				PRODUCT_NAME = "$(TARGET_NAME)";
				PROVISIONING_PROFILE_SPECIFIER = "BloodBank-Dev";
				SWIFT_VERSION = 4.2;
				TARGETED_DEVICE_FAMILY = "1,2";
			};
			name = Debug;
		};
		99D6B0E12232906E007C72CC /* Release */ = {
			isa = XCBuildConfiguration;
			buildSettings = {
				ASSETCATALOG_COMPILER_APPICON_NAME = AppIcon;
				CODE_SIGN_IDENTITY = "iPhone Distribution";
				CODE_SIGN_STYLE = Manual;
				DEVELOPMENT_TEAM = VKX3Q5UM4M;
				FRAMEWORK_SEARCH_PATHS = (
					"$(inherited)",
					"$(PROJECT_DIR)",
				);
				INFOPLIST_FILE = FastlanePro/Info.plist;
				LD_RUNPATH_SEARCH_PATHS = (
					"$(inherited)",
					"@executable_path/Frameworks",
				);
				PRODUCT_BUNDLE_IDENTIFIER = com.onebyte.OneLife;
				PRODUCT_NAME = "$(TARGET_NAME)";
				PROVISIONING_PROFILE_SPECIFIER = fastlane_adhoc;
				SWIFT_VERSION = 4.2;
				TARGETED_DEVICE_FAMILY = "1,2";
			};
			name = Release;
		};
		99D6B0E32232906E007C72CC /* Debug */ = {
			isa = XCBuildConfiguration;
			buildSettings = {
				ALWAYS_EMBED_SWIFT_STANDARD_LIBRARIES = YES;
				BUNDLE_LOADER = "$(TEST_HOST)";
				CODE_SIGN_STYLE = Automatic;
				INFOPLIST_FILE = FastlaneProTests/Info.plist;
				LD_RUNPATH_SEARCH_PATHS = (
					"$(inherited)",
					"@executable_path/Frameworks",
					"@loader_path/Frameworks",
				);
				PRODUCT_BUNDLE_IDENTIFIER = com.onebyte.FastlaneProTests;
				PRODUCT_NAME = "$(TARGET_NAME)";
				SWIFT_VERSION = 4.2;
				TARGETED_DEVICE_FAMILY = "1,2";
				TEST_HOST = "$(BUILT_PRODUCTS_DIR)/FastlanePro.app/FastlanePro";
			};
			name = Debug;
		};
		99D6B0E42232906E007C72CC /* Release */ = {
			isa = XCBuildConfiguration;
			buildSettings = {
				ALWAYS_EMBED_SWIFT_STANDARD_LIBRARIES = YES;
				BUNDLE_LOADER = "$(TEST_HOST)";
				CODE_SIGN_STYLE = Automatic;
				INFOPLIST_FILE = FastlaneProTests/Info.plist;
				LD_RUNPATH_SEARCH_PATHS = (
					"$(inherited)",
					"@executable_path/Frameworks",
					"@loader_path/Frameworks",
				);
				PRODUCT_BUNDLE_IDENTIFIER = com.onebyte.FastlaneProTests;
				PRODUCT_NAME = "$(TARGET_NAME)";
				SWIFT_VERSION = 4.2;
				TARGETED_DEVICE_FAMILY = "1,2";
				TEST_HOST = "$(BUILT_PRODUCTS_DIR)/FastlanePro.app/FastlanePro";
			};
			name = Release;
		};
		99D6B0E62232906E007C72CC /* Debug */ = {
			isa = XCBuildConfiguration;
			buildSettings = {
				ALWAYS_EMBED_SWIFT_STANDARD_LIBRARIES = YES;
				CODE_SIGN_STYLE = Automatic;
				INFOPLIST_FILE = FastlaneProUITests/Info.plist;
				LD_RUNPATH_SEARCH_PATHS = (
					"$(inherited)",
					"@executable_path/Frameworks",
					"@loader_path/Frameworks",
				);
				PRODUCT_BUNDLE_IDENTIFIER = com.onebyte.FastlaneProUITests;
				PRODUCT_NAME = "$(TARGET_NAME)";
				SWIFT_VERSION = 4.2;
				TARGETED_DEVICE_FAMILY = "1,2";
				TEST_TARGET_NAME = FastlanePro;
			};
			name = Debug;
		};
		99D6B0E72232906E007C72CC /* Release */ = {
			isa = XCBuildConfiguration;
			buildSettings = {
				ALWAYS_EMBED_SWIFT_STANDARD_LIBRARIES = YES;
				CODE_SIGN_STYLE = Automatic;
				INFOPLIST_FILE = FastlaneProUITests/Info.plist;
				LD_RUNPATH_SEARCH_PATHS = (
					"$(inherited)",
					"@executable_path/Frameworks",
					"@loader_path/Frameworks",
				);
				PRODUCT_BUNDLE_IDENTIFIER = com.onebyte.FastlaneProUITests;
				PRODUCT_NAME = "$(TARGET_NAME)";
				SWIFT_VERSION = 4.2;
				TARGETED_DEVICE_FAMILY = "1,2";
				TEST_TARGET_NAME = FastlanePro;
			};
			name = Release;
		};
/* End XCBuildConfiguration section */

/* Begin XCConfigurationList section */
		99D6B0B22232906C007C72CC /* Build configuration list for PBXProject "FastlanePro" */ = {
			isa = XCConfigurationList;
			buildConfigurations = (
				99D6B0DD2232906E007C72CC /* Debug */,
				99D6B0DE2232906E007C72CC /* Release */,
			);
			defaultConfigurationIsVisible = 0;
			defaultConfigurationName = Release;
		};
		99D6B0DF2232906E007C72CC /* Build configuration list for PBXNativeTarget "FastlanePro" */ = {
			isa = XCConfigurationList;
			buildConfigurations = (
				99D6B0E02232906E007C72CC /* Debug */,
				99D6B0E12232906E007C72CC /* Release */,
			);
			defaultConfigurationIsVisible = 0;
			defaultConfigurationName = Release;
		};
		99D6B0E22232906E007C72CC /* Build configuration list for PBXNativeTarget "FastlaneProTests" */ = {
			isa = XCConfigurationList;
			buildConfigurations = (
				99D6B0E32232906E007C72CC /* Debug */,
				99D6B0E42232906E007C72CC /* Release */,
			);
			defaultConfigurationIsVisible = 0;
			defaultConfigurationName = Release;
		};
		99D6B0E52232906E007C72CC /* Build configuration list for PBXNativeTarget "FastlaneProUITests" */ = {
			isa = XCConfigurationList;
			buildConfigurations = (
				99D6B0E62232906E007C72CC /* Debug */,
				99D6B0E72232906E007C72CC /* Release */,
			);
			defaultConfigurationIsVisible = 0;
			defaultConfigurationName = Release;
		};
/* End XCConfigurationList section */
	};
	rootObject = 99D6B0AF2232906C007C72CC /* Project object */;
}
