// !$*UTF8*$!
{
	archiveVersion = 1;
	classes = {
	};
	objectVersion = 50;
	objects = {

/* Begin PBXBuildFile section */
		0987AA112231201000DD3164 /* AppDelegate.swift in Sources */ = {isa = PBXBuildFile; fileRef = 0987AA102231201000DD3164 /* AppDelegate.swift */; };
		0987AA132231201000DD3164 /* ViewController.swift in Sources */ = {isa = PBXBuildFile; fileRef = 0987AA122231201000DD3164 /* ViewController.swift */; };
		0987AA162231201000DD3164 /* Main.storyboard in Resources */ = {isa = PBXBuildFile; fileRef = 0987AA142231201000DD3164 /* Main.storyboard */; };
		0987AA182231201200DD3164 /* Assets.xcassets in Resources */ = {isa = PBXBuildFile; fileRef = 0987AA172231201200DD3164 /* Assets.xcassets */; };
		0987AA1B2231201200DD3164 /* LaunchScreen.storyboard in Resources */ = {isa = PBXBuildFile; fileRef = 0987AA192231201200DD3164 /* LaunchScreen.storyboard */; };
		0987AA262231201300DD3164 /* FastlaneProTests.swift in Sources */ = {isa = PBXBuildFile; fileRef = 0987AA252231201300DD3164 /* FastlaneProTests.swift */; };
		0987AA312231201300DD3164 /* FastlaneProUITests.swift in Sources */ = {isa = PBXBuildFile; fileRef = 0987AA302231201300DD3164 /* FastlaneProUITests.swift */; };
		2A37D01E5D202E4DC02FB546 /* Pods_FastlanePro.framework in Frameworks */ = {isa = PBXBuildFile; fileRef = 4FD1EF94934260B0C0767EB0 /* Pods_FastlanePro.framework */; };
		AA76D52BC5AED555F9039550 /* Pods_FastlaneProTests.framework in Frameworks */ = {isa = PBXBuildFile; fileRef = 8B73F59D06F9985C84572B51 /* Pods_FastlaneProTests.framework */; };
		FE3B10B93B653A042E7E5F0C /* Pods_FastlaneProUITests.framework in Frameworks */ = {isa = PBXBuildFile; fileRef = AFD206BA07500901F16E1EA4 /* Pods_FastlaneProUITests.framework */; };
/* End PBXBuildFile section */

/* Begin PBXContainerItemProxy section */
		0987AA222231201300DD3164 /* PBXContainerItemProxy */ = {
			isa = PBXContainerItemProxy;
			containerPortal = 0987AA052231201000DD3164 /* Project object */;
			proxyType = 1;
			remoteGlobalIDString = 0987AA0C2231201000DD3164;
			remoteInfo = FastlanePro;
		};
		0987AA2D2231201300DD3164 /* PBXContainerItemProxy */ = {
			isa = PBXContainerItemProxy;
			containerPortal = 0987AA052231201000DD3164 /* Project object */;
			proxyType = 1;
			remoteGlobalIDString = 0987AA0C2231201000DD3164;
			remoteInfo = FastlanePro;
		};
/* End PBXContainerItemProxy section */

/* Begin PBXFileReference section */
		0987AA0D2231201000DD3164 /* FastlanePro.app */ = {isa = PBXFileReference; explicitFileType = wrapper.application; includeInIndex = 0; path = FastlanePro.app; sourceTree = BUILT_PRODUCTS_DIR; };
		0987AA102231201000DD3164 /* AppDelegate.swift */ = {isa = PBXFileReference; lastKnownFileType = sourcecode.swift; path = AppDelegate.swift; sourceTree = "<group>"; };
		0987AA122231201000DD3164 /* ViewController.swift */ = {isa = PBXFileReference; lastKnownFileType = sourcecode.swift; path = ViewController.swift; sourceTree = "<group>"; };
		0987AA152231201000DD3164 /* Base */ = {isa = PBXFileReference; lastKnownFileType = file.storyboard; name = Base; path = Base.lproj/Main.storyboard; sourceTree = "<group>"; };
		0987AA172231201200DD3164 /* Assets.xcassets */ = {isa = PBXFileReference; lastKnownFileType = folder.assetcatalog; path = Assets.xcassets; sourceTree = "<group>"; };
		0987AA1A2231201200DD3164 /* Base */ = {isa = PBXFileReference; lastKnownFileType = file.storyboard; name = Base; path = Base.lproj/LaunchScreen.storyboard; sourceTree = "<group>"; };
		0987AA1C2231201200DD3164 /* Info.plist */ = {isa = PBXFileReference; lastKnownFileType = text.plist.xml; path = Info.plist; sourceTree = "<group>"; };
		0987AA212231201300DD3164 /* FastlaneProTests.xctest */ = {isa = PBXFileReference; explicitFileType = wrapper.cfbundle; includeInIndex = 0; path = FastlaneProTests.xctest; sourceTree = BUILT_PRODUCTS_DIR; };
		0987AA252231201300DD3164 /* FastlaneProTests.swift */ = {isa = PBXFileReference; lastKnownFileType = sourcecode.swift; path = FastlaneProTests.swift; sourceTree = "<group>"; };
		0987AA272231201300DD3164 /* Info.plist */ = {isa = PBXFileReference; lastKnownFileType = text.plist.xml; path = Info.plist; sourceTree = "<group>"; };
		0987AA2C2231201300DD3164 /* FastlaneProUITests.xctest */ = {isa = PBXFileReference; explicitFileType = wrapper.cfbundle; includeInIndex = 0; path = FastlaneProUITests.xctest; sourceTree = BUILT_PRODUCTS_DIR; };
		0987AA302231201300DD3164 /* FastlaneProUITests.swift */ = {isa = PBXFileReference; lastKnownFileType = sourcecode.swift; path = FastlaneProUITests.swift; sourceTree = "<group>"; };
		0987AA322231201300DD3164 /* Info.plist */ = {isa = PBXFileReference; lastKnownFileType = text.plist.xml; path = Info.plist; sourceTree = "<group>"; };
		4FD1EF94934260B0C0767EB0 /* Pods_FastlanePro.framework */ = {isa = PBXFileReference; explicitFileType = wrapper.framework; includeInIndex = 0; path = Pods_FastlanePro.framework; sourceTree = BUILT_PRODUCTS_DIR; };
		53564CA7746B02A74622C92F /* Pods-FastlaneProUITests.release.xcconfig */ = {isa = PBXFileReference; includeInIndex = 1; lastKnownFileType = text.xcconfig; name = "Pods-FastlaneProUITests.release.xcconfig"; path = "Target Support Files/Pods-FastlaneProUITests/Pods-FastlaneProUITests.release.xcconfig"; sourceTree = "<group>"; };
		5F65C8A438C9D5C86B07767A /* Pods-FastlanePro.release.xcconfig */ = {isa = PBXFileReference; includeInIndex = 1; lastKnownFileType = text.xcconfig; name = "Pods-FastlanePro.release.xcconfig"; path = "Target Support Files/Pods-FastlanePro/Pods-FastlanePro.release.xcconfig"; sourceTree = "<group>"; };
		638127C56DC6317E51A35E23 /* Pods-FastlaneProTests.release.xcconfig */ = {isa = PBXFileReference; includeInIndex = 1; lastKnownFileType = text.xcconfig; name = "Pods-FastlaneProTests.release.xcconfig"; path = "Target Support Files/Pods-FastlaneProTests/Pods-FastlaneProTests.release.xcconfig"; sourceTree = "<group>"; };
		825B997DB04F7412CA903C06 /* Pods-FastlanePro.debug.xcconfig */ = {isa = PBXFileReference; includeInIndex = 1; lastKnownFileType = text.xcconfig; name = "Pods-FastlanePro.debug.xcconfig"; path = "Target Support Files/Pods-FastlanePro/Pods-FastlanePro.debug.xcconfig"; sourceTree = "<group>"; };
		8B73F59D06F9985C84572B51 /* Pods_FastlaneProTests.framework */ = {isa = PBXFileReference; explicitFileType = wrapper.framework; includeInIndex = 0; path = Pods_FastlaneProTests.framework; sourceTree = BUILT_PRODUCTS_DIR; };
		9F963307B1D4F39C69E3A864 /* Pods-FastlaneProTests.debug.xcconfig */ = {isa = PBXFileReference; includeInIndex = 1; lastKnownFileType = text.xcconfig; name = "Pods-FastlaneProTests.debug.xcconfig"; path = "Target Support Files/Pods-FastlaneProTests/Pods-FastlaneProTests.debug.xcconfig"; sourceTree = "<group>"; };
		AFD206BA07500901F16E1EA4 /* Pods_FastlaneProUITests.framework */ = {isa = PBXFileReference; explicitFileType = wrapper.framework; includeInIndex = 0; path = Pods_FastlaneProUITests.framework; sourceTree = BUILT_PRODUCTS_DIR; };
		CBEA3B3264E242ABF7A0FEDB /* Pods-FastlaneProUITests.debug.xcconfig */ = {isa = PBXFileReference; includeInIndex = 1; lastKnownFileType = text.xcconfig; name = "Pods-FastlaneProUITests.debug.xcconfig"; path = "Target Support Files/Pods-FastlaneProUITests/Pods-FastlaneProUITests.debug.xcconfig"; sourceTree = "<group>"; };
/* End PBXFileReference section */

/* Begin PBXFrameworksBuildPhase section */
		0987AA0A2231201000DD3164 /* Frameworks */ = {
			isa = PBXFrameworksBuildPhase;
			buildActionMask = 2147483647;
			files = (
				2A37D01E5D202E4DC02FB546 /* Pods_FastlanePro.framework in Frameworks */,
			);
			runOnlyForDeploymentPostprocessing = 0;
		};
		0987AA1E2231201300DD3164 /* Frameworks */ = {
			isa = PBXFrameworksBuildPhase;
			buildActionMask = 2147483647;
			files = (
				AA76D52BC5AED555F9039550 /* Pods_FastlaneProTests.framework in Frameworks */,
			);
			runOnlyForDeploymentPostprocessing = 0;
		};
		0987AA292231201300DD3164 /* Frameworks */ = {
			isa = PBXFrameworksBuildPhase;
			buildActionMask = 2147483647;
			files = (
				FE3B10B93B653A042E7E5F0C /* Pods_FastlaneProUITests.framework in Frameworks */,
			);
			runOnlyForDeploymentPostprocessing = 0;
		};
/* End PBXFrameworksBuildPhase section */

/* Begin PBXGroup section */
		0987AA042231201000DD3164 = {
			isa = PBXGroup;
			children = (
				0987AA0F2231201000DD3164 /* FastlanePro */,
				0987AA242231201300DD3164 /* FastlaneProTests */,
				0987AA2F2231201300DD3164 /* FastlaneProUITests */,
				0987AA0E2231201000DD3164 /* Products */,
				92DC90F941C5F6BA21EAB0A4 /* Pods */,
				778C09AD453D81CC19B687A2 /* Frameworks */,
			);
			sourceTree = "<group>";
		};
		0987AA0E2231201000DD3164 /* Products */ = {
			isa = PBXGroup;
			children = (
				0987AA0D2231201000DD3164 /* FastlanePro.app */,
				0987AA212231201300DD3164 /* FastlaneProTests.xctest */,
				0987AA2C2231201300DD3164 /* FastlaneProUITests.xctest */,
			);
			name = Products;
			sourceTree = "<group>";
		};
		0987AA0F2231201000DD3164 /* FastlanePro */ = {
			isa = PBXGroup;
			children = (
				0987AA102231201000DD3164 /* AppDelegate.swift */,
				0987AA122231201000DD3164 /* ViewController.swift */,
				0987AA142231201000DD3164 /* Main.storyboard */,
				0987AA172231201200DD3164 /* Assets.xcassets */,
				0987AA192231201200DD3164 /* LaunchScreen.storyboard */,
				0987AA1C2231201200DD3164 /* Info.plist */,
			);
			path = FastlanePro;
			sourceTree = "<group>";
		};
		0987AA242231201300DD3164 /* FastlaneProTests */ = {
			isa = PBXGroup;
			children = (
				0987AA252231201300DD3164 /* FastlaneProTests.swift */,
				0987AA272231201300DD3164 /* Info.plist */,
			);
			path = FastlaneProTests;
			sourceTree = "<group>";
		};
		0987AA2F2231201300DD3164 /* FastlaneProUITests */ = {
			isa = PBXGroup;
			children = (
				0987AA302231201300DD3164 /* FastlaneProUITests.swift */,
				0987AA322231201300DD3164 /* Info.plist */,
			);
			path = FastlaneProUITests;
			sourceTree = "<group>";
		};
		778C09AD453D81CC19B687A2 /* Frameworks */ = {
			isa = PBXGroup;
			children = (
				4FD1EF94934260B0C0767EB0 /* Pods_FastlanePro.framework */,
				8B73F59D06F9985C84572B51 /* Pods_FastlaneProTests.framework */,
				AFD206BA07500901F16E1EA4 /* Pods_FastlaneProUITests.framework */,
			);
			name = Frameworks;
			sourceTree = "<group>";
		};
		92DC90F941C5F6BA21EAB0A4 /* Pods */ = {
			isa = PBXGroup;
			children = (
				825B997DB04F7412CA903C06 /* Pods-FastlanePro.debug.xcconfig */,
				5F65C8A438C9D5C86B07767A /* Pods-FastlanePro.release.xcconfig */,
				9F963307B1D4F39C69E3A864 /* Pods-FastlaneProTests.debug.xcconfig */,
				638127C56DC6317E51A35E23 /* Pods-FastlaneProTests.release.xcconfig */,
				CBEA3B3264E242ABF7A0FEDB /* Pods-FastlaneProUITests.debug.xcconfig */,
				53564CA7746B02A74622C92F /* Pods-FastlaneProUITests.release.xcconfig */,
			);
			name = Pods;
			path = Pods;
			sourceTree = "<group>";
		};
/* End PBXGroup section */

/* Begin PBXNativeTarget section */
		0987AA0C2231201000DD3164 /* FastlanePro */ = {
			isa = PBXNativeTarget;
			buildConfigurationList = 0987AA352231201300DD3164 /* Build configuration list for PBXNativeTarget "FastlanePro" */;
			buildPhases = (
				2DA2BE2BDB1254182D1F98EA /* [CP] Check Pods Manifest.lock */,
				0987AA092231201000DD3164 /* Sources */,
				0987AA0A2231201000DD3164 /* Frameworks */,
				0987AA0B2231201000DD3164 /* Resources */,
				F6A60341C3AB7C7DC8265BEE /* [CP] Embed Pods Frameworks */,
			);
			buildRules = (
			);
			dependencies = (
			);
			name = FastlanePro;
			productName = FastlanePro;
			productReference = 0987AA0D2231201000DD3164 /* FastlanePro.app */;
			productType = "com.apple.product-type.application";
		};
		0987AA202231201300DD3164 /* FastlaneProTests */ = {
			isa = PBXNativeTarget;
			buildConfigurationList = 0987AA382231201300DD3164 /* Build configuration list for PBXNativeTarget "FastlaneProTests" */;
			buildPhases = (
				A633F5A6E8C796F850306119 /* [CP] Check Pods Manifest.lock */,
				0987AA1D2231201300DD3164 /* Sources */,
				0987AA1E2231201300DD3164 /* Frameworks */,
				0987AA1F2231201300DD3164 /* Resources */,
			);
			buildRules = (
			);
			dependencies = (
				0987AA232231201300DD3164 /* PBXTargetDependency */,
			);
			name = FastlaneProTests;
			productName = FastlaneProTests;
			productReference = 0987AA212231201300DD3164 /* FastlaneProTests.xctest */;
			productType = "com.apple.product-type.bundle.unit-test";
		};
		0987AA2B2231201300DD3164 /* FastlaneProUITests */ = {
			isa = PBXNativeTarget;
			buildConfigurationList = 0987AA3B2231201300DD3164 /* Build configuration list for PBXNativeTarget "FastlaneProUITests" */;
			buildPhases = (
				3824449D05D9B2BB280362F0 /* [CP] Check Pods Manifest.lock */,
				0987AA282231201300DD3164 /* Sources */,
				0987AA292231201300DD3164 /* Frameworks */,
				0987AA2A2231201300DD3164 /* Resources */,
			);
			buildRules = (
			);
			dependencies = (
				0987AA2E2231201300DD3164 /* PBXTargetDependency */,
			);
			name = FastlaneProUITests;
			productName = FastlaneProUITests;
			productReference = 0987AA2C2231201300DD3164 /* FastlaneProUITests.xctest */;
			productType = "com.apple.product-type.bundle.ui-testing";
		};
/* End PBXNativeTarget section */

/* Begin PBXProject section */
		0987AA052231201000DD3164 /* Project object */ = {
			isa = PBXProject;
			attributes = {
				LastSwiftUpdateCheck = 1010;
				LastUpgradeCheck = 1010;
				TargetAttributes = {
					0987AA0C2231201000DD3164 = {
						CreatedOnToolsVersion = 10.1;
					};
					0987AA202231201300DD3164 = {
						CreatedOnToolsVersion = 10.1;
						TestTargetID = 0987AA0C2231201000DD3164;
					};
					0987AA2B2231201300DD3164 = {
						CreatedOnToolsVersion = 10.1;
						TestTargetID = 0987AA0C2231201000DD3164;
					};
				};
			};
			buildConfigurationList = 0987AA082231201000DD3164 /* Build configuration list for PBXProject "FastlanePro" */;
			compatibilityVersion = "Xcode 9.3";
			developmentRegion = en;
			hasScannedForEncodings = 0;
			knownRegions = (
				en,
				Base,
			);
			mainGroup = 0987AA042231201000DD3164;
			productRefGroup = 0987AA0E2231201000DD3164 /* Products */;
			projectDirPath = "";
			projectRoot = "";
			targets = (
				0987AA0C2231201000DD3164 /* FastlanePro */,
				0987AA202231201300DD3164 /* FastlaneProTests */,
				0987AA2B2231201300DD3164 /* FastlaneProUITests */,
			);
		};
/* End PBXProject section */

/* Begin PBXResourcesBuildPhase section */
		0987AA0B2231201000DD3164 /* Resources */ = {
			isa = PBXResourcesBuildPhase;
			buildActionMask = 2147483647;
			files = (
				0987AA1B2231201200DD3164 /* LaunchScreen.storyboard in Resources */,
				0987AA182231201200DD3164 /* Assets.xcassets in Resources */,
				0987AA162231201000DD3164 /* Main.storyboard in Resources */,
			);
			runOnlyForDeploymentPostprocessing = 0;
		};
		0987AA1F2231201300DD3164 /* Resources */ = {
			isa = PBXResourcesBuildPhase;
			buildActionMask = 2147483647;
			files = (
			);
			runOnlyForDeploymentPostprocessing = 0;
		};
		0987AA2A2231201300DD3164 /* Resources */ = {
			isa = PBXResourcesBuildPhase;
			buildActionMask = 2147483647;
			files = (
			);
			runOnlyForDeploymentPostprocessing = 0;
		};
/* End PBXResourcesBuildPhase section */

/* Begin PBXShellScriptBuildPhase section */
		2DA2BE2BDB1254182D1F98EA /* [CP] Check Pods Manifest.lock */ = {
			isa = PBXShellScriptBuildPhase;
			buildActionMask = 2147483647;
			files = (
			);
			inputFileListPaths = (
			);
			inputPaths = (
				"${PODS_PODFILE_DIR_PATH}/Podfile.lock",
				"${PODS_ROOT}/Manifest.lock",
			);
			name = "[CP] Check Pods Manifest.lock";
			outputFileListPaths = (
			);
			outputPaths = (
				"$(DERIVED_FILE_DIR)/Pods-FastlanePro-checkManifestLockResult.txt",
			);
			runOnlyForDeploymentPostprocessing = 0;
			shellPath = /bin/sh;
			shellScript = "diff \"${PODS_PODFILE_DIR_PATH}/Podfile.lock\" \"${PODS_ROOT}/Manifest.lock\" > /dev/null\nif [ $? != 0 ] ; then\n    # print error to STDERR\n    echo \"error: The sandbox is not in sync with the Podfile.lock. Run 'pod install' or update your CocoaPods installation.\" >&2\n    exit 1\nfi\n# This output is used by Xcode 'outputs' to avoid re-running this script phase.\necho \"SUCCESS\" > \"${SCRIPT_OUTPUT_FILE_0}\"\n";
			showEnvVarsInLog = 0;
		};
		3824449D05D9B2BB280362F0 /* [CP] Check Pods Manifest.lock */ = {
			isa = PBXShellScriptBuildPhase;
			buildActionMask = 2147483647;
			files = (
			);
			inputFileListPaths = (
			);
			inputPaths = (
				"${PODS_PODFILE_DIR_PATH}/Podfile.lock",
				"${PODS_ROOT}/Manifest.lock",
			);
			name = "[CP] Check Pods Manifest.lock";
			outputFileListPaths = (
			);
			outputPaths = (
				"$(DERIVED_FILE_DIR)/Pods-FastlaneProUITests-checkManifestLockResult.txt",
			);
			runOnlyForDeploymentPostprocessing = 0;
			shellPath = /bin/sh;
			shellScript = "diff \"${PODS_PODFILE_DIR_PATH}/Podfile.lock\" \"${PODS_ROOT}/Manifest.lock\" > /dev/null\nif [ $? != 0 ] ; then\n    # print error to STDERR\n    echo \"error: The sandbox is not in sync with the Podfile.lock. Run 'pod install' or update your CocoaPods installation.\" >&2\n    exit 1\nfi\n# This output is used by Xcode 'outputs' to avoid re-running this script phase.\necho \"SUCCESS\" > \"${SCRIPT_OUTPUT_FILE_0}\"\n";
			showEnvVarsInLog = 0;
		};
		A633F5A6E8C796F850306119 /* [CP] Check Pods Manifest.lock */ = {
			isa = PBXShellScriptBuildPhase;
			buildActionMask = 2147483647;
			files = (
			);
			inputFileListPaths = (
			);
			inputPaths = (
				"${PODS_PODFILE_DIR_PATH}/Podfile.lock",
				"${PODS_ROOT}/Manifest.lock",
			);
			name = "[CP] Check Pods Manifest.lock";
			outputFileListPaths = (
			);
			outputPaths = (
				"$(DERIVED_FILE_DIR)/Pods-FastlaneProTests-checkManifestLockResult.txt",
			);
			runOnlyForDeploymentPostprocessing = 0;
			shellPath = /bin/sh;
			shellScript = "diff \"${PODS_PODFILE_DIR_PATH}/Podfile.lock\" \"${PODS_ROOT}/Manifest.lock\" > /dev/null\nif [ $? != 0 ] ; then\n    # print error to STDERR\n    echo \"error: The sandbox is not in sync with the Podfile.lock. Run 'pod install' or update your CocoaPods installation.\" >&2\n    exit 1\nfi\n# This output is used by Xcode 'outputs' to avoid re-running this script phase.\necho \"SUCCESS\" > \"${SCRIPT_OUTPUT_FILE_0}\"\n";
			showEnvVarsInLog = 0;
		};
		F6A60341C3AB7C7DC8265BEE /* [CP] Embed Pods Frameworks */ = {
			isa = PBXShellScriptBuildPhase;
			buildActionMask = 2147483647;
			files = (
			);
			inputFileListPaths = (
			);
			inputPaths = (
				"${PODS_ROOT}/Target Support Files/Pods-FastlanePro/Pods-FastlanePro-frameworks.sh",
				"${BUILT_PRODUCTS_DIR}/PINCache/PINCache.framework",
			);
			name = "[CP] Embed Pods Frameworks";
			outputFileListPaths = (
			);
			outputPaths = (
				"${TARGET_BUILD_DIR}/${FRAMEWORKS_FOLDER_PATH}/PINCache.framework",
			);
			runOnlyForDeploymentPostprocessing = 0;
			shellPath = /bin/sh;
			shellScript = "\"${PODS_ROOT}/Target Support Files/Pods-FastlanePro/Pods-FastlanePro-frameworks.sh\"\n";
			showEnvVarsInLog = 0;
		};
/* End PBXShellScriptBuildPhase section */

/* Begin PBXSourcesBuildPhase section */
		0987AA092231201000DD3164 /* Sources */ = {
			isa = PBXSourcesBuildPhase;
			buildActionMask = 2147483647;
			files = (
				0987AA132231201000DD3164 /* ViewController.swift in Sources */,
				0987AA112231201000DD3164 /* AppDelegate.swift in Sources */,
			);
			runOnlyForDeploymentPostprocessing = 0;
		};
		0987AA1D2231201300DD3164 /* Sources */ = {
			isa = PBXSourcesBuildPhase;
			buildActionMask = 2147483647;
			files = (
				0987AA262231201300DD3164 /* FastlaneProTests.swift in Sources */,
			);
			runOnlyForDeploymentPostprocessing = 0;
		};
		0987AA282231201300DD3164 /* Sources */ = {
			isa = PBXSourcesBuildPhase;
			buildActionMask = 2147483647;
			files = (
				0987AA312231201300DD3164 /* FastlaneProUITests.swift in Sources */,
			);
			runOnlyForDeploymentPostprocessing = 0;
		};
/* End PBXSourcesBuildPhase section */

/* Begin PBXTargetDependency section */
		0987AA232231201300DD3164 /* PBXTargetDependency */ = {
			isa = PBXTargetDependency;
			target = 0987AA0C2231201000DD3164 /* FastlanePro */;
			targetProxy = 0987AA222231201300DD3164 /* PBXContainerItemProxy */;
		};
		0987AA2E2231201300DD3164 /* PBXTargetDependency */ = {
			isa = PBXTargetDependency;
			target = 0987AA0C2231201000DD3164 /* FastlanePro */;
			targetProxy = 0987AA2D2231201300DD3164 /* PBXContainerItemProxy */;
		};
/* End PBXTargetDependency section */

/* Begin PBXVariantGroup section */
		0987AA142231201000DD3164 /* Main.storyboard */ = {
			isa = PBXVariantGroup;
			children = (
				0987AA152231201000DD3164 /* Base */,
			);
			name = Main.storyboard;
			sourceTree = "<group>";
		};
		0987AA192231201200DD3164 /* LaunchScreen.storyboard */ = {
			isa = PBXVariantGroup;
			children = (
				0987AA1A2231201200DD3164 /* Base */,
			);
			name = LaunchScreen.storyboard;
			sourceTree = "<group>";
		};
/* End PBXVariantGroup section */

/* Begin XCBuildConfiguration section */
		0987AA332231201300DD3164 /* Debug */ = {
			isa = XCBuildConfiguration;
			buildSettings = {
				ALWAYS_SEARCH_USER_PATHS = NO;
				CLANG_ANALYZER_NONNULL = YES;
				CLANG_ANALYZER_NUMBER_OBJECT_CONVERSION = YES_AGGRESSIVE;
				CLANG_CXX_LANGUAGE_STANDARD = "gnu++14";
				CLANG_CXX_LIBRARY = "libc++";
				CLANG_ENABLE_MODULES = YES;
				CLANG_ENABLE_OBJC_ARC = YES;
				CLANG_ENABLE_OBJC_WEAK = YES;
				CLANG_WARN_BLOCK_CAPTURE_AUTORELEASING = YES;
				CLANG_WARN_BOOL_CONVERSION = YES;
				CLANG_WARN_COMMA = YES;
				CLANG_WARN_CONSTANT_CONVERSION = YES;
				CLANG_WARN_DEPRECATED_OBJC_IMPLEMENTATIONS = YES;
				CLANG_WARN_DIRECT_OBJC_ISA_USAGE = YES_ERROR;
				CLANG_WARN_DOCUMENTATION_COMMENTS = YES;
				CLANG_WARN_EMPTY_BODY = YES;
				CLANG_WARN_ENUM_CONVERSION = YES;
				CLANG_WARN_INFINITE_RECURSION = YES;
				CLANG_WARN_INT_CONVERSION = YES;
				CLANG_WARN_NON_LITERAL_NULL_CONVERSION = YES;
				CLANG_WARN_OBJC_IMPLICIT_RETAIN_SELF = YES;
				CLANG_WARN_OBJC_LITERAL_CONVERSION = YES;
				CLANG_WARN_OBJC_ROOT_CLASS = YES_ERROR;
				CLANG_WARN_RANGE_LOOP_ANALYSIS = YES;
				CLANG_WARN_STRICT_PROTOTYPES = YES;
				CLANG_WARN_SUSPICIOUS_MOVE = YES;
				CLANG_WARN_UNGUARDED_AVAILABILITY = YES_AGGRESSIVE;
				CLANG_WARN_UNREACHABLE_CODE = YES;
				CLANG_WARN__DUPLICATE_METHOD_MATCH = YES;
				CODE_SIGN_IDENTITY = "iPhone Developer";
				COPY_PHASE_STRIP = NO;
				DEBUG_INFORMATION_FORMAT = dwarf;
				ENABLE_STRICT_OBJC_MSGSEND = YES;
				ENABLE_TESTABILITY = YES;
				GCC_C_LANGUAGE_STANDARD = gnu11;
				GCC_DYNAMIC_NO_PIC = NO;
				GCC_NO_COMMON_BLOCKS = YES;
				GCC_OPTIMIZATION_LEVEL = 0;
				GCC_PREPROCESSOR_DEFINITIONS = (
					"DEBUG=1",
					"$(inherited)",
				);
				GCC_WARN_64_TO_32_BIT_CONVERSION = YES;
				GCC_WARN_ABOUT_RETURN_TYPE = YES_ERROR;
				GCC_WARN_UNDECLARED_SELECTOR = YES;
				GCC_WARN_UNINITIALIZED_AUTOS = YES_AGGRESSIVE;
				GCC_WARN_UNUSED_FUNCTION = YES;
				GCC_WARN_UNUSED_VARIABLE = YES;
				IPHONEOS_DEPLOYMENT_TARGET = 12.1;
				MTL_ENABLE_DEBUG_INFO = INCLUDE_SOURCE;
				MTL_FAST_MATH = YES;
				ONLY_ACTIVE_ARCH = YES;
				SDKROOT = iphoneos;
				SWIFT_ACTIVE_COMPILATION_CONDITIONS = DEBUG;
				SWIFT_OPTIMIZATION_LEVEL = "-Onone";
			};
			name = Debug;
		};
		0987AA342231201300DD3164 /* Release */ = {
			isa = XCBuildConfiguration;
			buildSettings = {
				ALWAYS_SEARCH_USER_PATHS = NO;
				CLANG_ANALYZER_NONNULL = YES;
				CLANG_ANALYZER_NUMBER_OBJECT_CONVERSION = YES_AGGRESSIVE;
				CLANG_CXX_LANGUAGE_STANDARD = "gnu++14";
				CLANG_CXX_LIBRARY = "libc++";
				CLANG_ENABLE_MODULES = YES;
				CLANG_ENABLE_OBJC_ARC = YES;
				CLANG_ENABLE_OBJC_WEAK = YES;
				CLANG_WARN_BLOCK_CAPTURE_AUTORELEASING = YES;
				CLANG_WARN_BOOL_CONVERSION = YES;
				CLANG_WARN_COMMA = YES;
				CLANG_WARN_CONSTANT_CONVERSION = YES;
				CLANG_WARN_DEPRECATED_OBJC_IMPLEMENTATIONS = YES;
				CLANG_WARN_DIRECT_OBJC_ISA_USAGE = YES_ERROR;
				CLANG_WARN_DOCUMENTATION_COMMENTS = YES;
				CLANG_WARN_EMPTY_BODY = YES;
				CLANG_WARN_ENUM_CONVERSION = YES;
				CLANG_WARN_INFINITE_RECURSION = YES;
				CLANG_WARN_INT_CONVERSION = YES;
				CLANG_WARN_NON_LITERAL_NULL_CONVERSION = YES;
				CLANG_WARN_OBJC_IMPLICIT_RETAIN_SELF = YES;
				CLANG_WARN_OBJC_LITERAL_CONVERSION = YES;
				CLANG_WARN_OBJC_ROOT_CLASS = YES_ERROR;
				CLANG_WARN_RANGE_LOOP_ANALYSIS = YES;
				CLANG_WARN_STRICT_PROTOTYPES = YES;
				CLANG_WARN_SUSPICIOUS_MOVE = YES;
				CLANG_WARN_UNGUARDED_AVAILABILITY = YES_AGGRESSIVE;
				CLANG_WARN_UNREACHABLE_CODE = YES;
				CLANG_WARN__DUPLICATE_METHOD_MATCH = YES;
				CODE_SIGN_IDENTITY = "iPhone Developer";
				COPY_PHASE_STRIP = NO;
				DEBUG_INFORMATION_FORMAT = "dwarf-with-dsym";
				ENABLE_NS_ASSERTIONS = NO;
				ENABLE_STRICT_OBJC_MSGSEND = YES;
				GCC_C_LANGUAGE_STANDARD = gnu11;
				GCC_NO_COMMON_BLOCKS = YES;
				GCC_WARN_64_TO_32_BIT_CONVERSION = YES;
				GCC_WARN_ABOUT_RETURN_TYPE = YES_ERROR;
				GCC_WARN_UNDECLARED_SELECTOR = YES;
				GCC_WARN_UNINITIALIZED_AUTOS = YES_AGGRESSIVE;
				GCC_WARN_UNUSED_FUNCTION = YES;
				GCC_WARN_UNUSED_VARIABLE = YES;
				IPHONEOS_DEPLOYMENT_TARGET = 12.1;
				MTL_ENABLE_DEBUG_INFO = NO;
				MTL_FAST_MATH = YES;
				SDKROOT = iphoneos;
				SWIFT_COMPILATION_MODE = wholemodule;
				SWIFT_OPTIMIZATION_LEVEL = "-O";
				VALIDATE_PRODUCT = YES;
			};
			name = Release;
		};
		0987AA362231201300DD3164 /* Debug */ = {
			isa = XCBuildConfiguration;
			baseConfigurationReference = 825B997DB04F7412CA903C06 /* Pods-FastlanePro.debug.xcconfig */;
			buildSettings = {
				ASSETCATALOG_COMPILER_APPICON_NAME = AppIcon;
				CODE_SIGN_STYLE = Automatic;
				DEVELOPMENT_TEAM = WRT49XJ773;
				INFOPLIST_FILE = FastlanePro/Info.plist;
				LD_RUNPATH_SEARCH_PATHS = (
					"$(inherited)",
					"@executable_path/Frameworks",
				);
				PRODUCT_BUNDLE_IDENTIFIER = com.IBITWAY.FastlanePro;
				PRODUCT_NAME = "$(TARGET_NAME)";
				SWIFT_VERSION = 4.2;
				TARGETED_DEVICE_FAMILY = "1,2";
			};
			name = Debug;
		};
		0987AA372231201300DD3164 /* Release */ = {
			isa = XCBuildConfiguration;
			baseConfigurationReference = 5F65C8A438C9D5C86B07767A /* Pods-FastlanePro.release.xcconfig */;
			buildSettings = {
				ASSETCATALOG_COMPILER_APPICON_NAME = AppIcon;
				CODE_SIGN_STYLE = Automatic;
				DEVELOPMENT_TEAM = WRT49XJ773;
				INFOPLIST_FILE = FastlanePro/Info.plist;
				LD_RUNPATH_SEARCH_PATHS = (
					"$(inherited)",
					"@executable_path/Frameworks",
				);
				PRODUCT_BUNDLE_IDENTIFIER = com.IBITWAY.FastlanePro;
				PRODUCT_NAME = "$(TARGET_NAME)";
				SWIFT_VERSION = 4.2;
				TARGETED_DEVICE_FAMILY = "1,2";
			};
			name = Release;
		};
		0987AA392231201300DD3164 /* Debug */ = {
			isa = XCBuildConfiguration;
			baseConfigurationReference = 9F963307B1D4F39C69E3A864 /* Pods-FastlaneProTests.debug.xcconfig */;
			buildSettings = {
				ALWAYS_EMBED_SWIFT_STANDARD_LIBRARIES = YES;
				BUNDLE_LOADER = "$(TEST_HOST)";
				CODE_SIGN_STYLE = Automatic;
				DEVELOPMENT_TEAM = WRT49XJ773;
				INFOPLIST_FILE = FastlaneProTests/Info.plist;
				LD_RUNPATH_SEARCH_PATHS = (
					"$(inherited)",
					"@executable_path/Frameworks",
					"@loader_path/Frameworks",
				);
				PRODUCT_BUNDLE_IDENTIFIER = com.IBITWAY.FastlaneProTests;
				PRODUCT_NAME = "$(TARGET_NAME)";
				SWIFT_VERSION = 4.2;
				TARGETED_DEVICE_FAMILY = "1,2";
				TEST_HOST = "$(BUILT_PRODUCTS_DIR)/FastlanePro.app/FastlanePro";
			};
			name = Debug;
		};
		0987AA3A2231201300DD3164 /* Release */ = {
			isa = XCBuildConfiguration;
			baseConfigurationReference = 638127C56DC6317E51A35E23 /* Pods-FastlaneProTests.release.xcconfig */;
			buildSettings = {
				ALWAYS_EMBED_SWIFT_STANDARD_LIBRARIES = YES;
				BUNDLE_LOADER = "$(TEST_HOST)";
				CODE_SIGN_STYLE = Automatic;
				DEVELOPMENT_TEAM = WRT49XJ773;
				INFOPLIST_FILE = FastlaneProTests/Info.plist;
				LD_RUNPATH_SEARCH_PATHS = (
					"$(inherited)",
					"@executable_path/Frameworks",
					"@loader_path/Frameworks",
				);
				PRODUCT_BUNDLE_IDENTIFIER = com.IBITWAY.FastlaneProTests;
				PRODUCT_NAME = "$(TARGET_NAME)";
				SWIFT_VERSION = 4.2;
				TARGETED_DEVICE_FAMILY = "1,2";
				TEST_HOST = "$(BUILT_PRODUCTS_DIR)/FastlanePro.app/FastlanePro";
			};
			name = Release;
		};
		0987AA3C2231201300DD3164 /* Debug */ = {
			isa = XCBuildConfiguration;
			baseConfigurationReference = CBEA3B3264E242ABF7A0FEDB /* Pods-FastlaneProUITests.debug.xcconfig */;
			buildSettings = {
				ALWAYS_EMBED_SWIFT_STANDARD_LIBRARIES = YES;
				CODE_SIGN_STYLE = Automatic;
				DEVELOPMENT_TEAM = WRT49XJ773;
				INFOPLIST_FILE = FastlaneProUITests/Info.plist;
				LD_RUNPATH_SEARCH_PATHS = (
					"$(inherited)",
					"@executable_path/Frameworks",
					"@loader_path/Frameworks",
				);
				PRODUCT_BUNDLE_IDENTIFIER = com.IBITWAY.FastlaneProUITests;
				PRODUCT_NAME = "$(TARGET_NAME)";
				SWIFT_VERSION = 4.2;
				TARGETED_DEVICE_FAMILY = "1,2";
				TEST_TARGET_NAME = FastlanePro;
			};
			name = Debug;
		};
		0987AA3D2231201300DD3164 /* Release */ = {
			isa = XCBuildConfiguration;
			baseConfigurationReference = 53564CA7746B02A74622C92F /* Pods-FastlaneProUITests.release.xcconfig */;
			buildSettings = {
				ALWAYS_EMBED_SWIFT_STANDARD_LIBRARIES = YES;
				CODE_SIGN_STYLE = Automatic;
				DEVELOPMENT_TEAM = WRT49XJ773;
				INFOPLIST_FILE = FastlaneProUITests/Info.plist;
				LD_RUNPATH_SEARCH_PATHS = (
					"$(inherited)",
					"@executable_path/Frameworks",
					"@loader_path/Frameworks",
				);
				PRODUCT_BUNDLE_IDENTIFIER = com.IBITWAY.FastlaneProUITests;
				PRODUCT_NAME = "$(TARGET_NAME)";
				SWIFT_VERSION = 4.2;
				TARGETED_DEVICE_FAMILY = "1,2";
				TEST_TARGET_NAME = FastlanePro;
			};
			name = Release;
		};
/* End XCBuildConfiguration section */

/* Begin XCConfigurationList section */
		0987AA082231201000DD3164 /* Build configuration list for PBXProject "FastlanePro" */ = {
			isa = XCConfigurationList;
			buildConfigurations = (
				0987AA332231201300DD3164 /* Debug */,
				0987AA342231201300DD3164 /* Release */,
			);
			defaultConfigurationIsVisible = 0;
			defaultConfigurationName = Release;
		};
		0987AA352231201300DD3164 /* Build configuration list for PBXNativeTarget "FastlanePro" */ = {
			isa = XCConfigurationList;
			buildConfigurations = (
				0987AA362231201300DD3164 /* Debug */,
				0987AA372231201300DD3164 /* Release */,
			);
			defaultConfigurationIsVisible = 0;
			defaultConfigurationName = Release;
		};
		0987AA382231201300DD3164 /* Build configuration list for PBXNativeTarget "FastlaneProTests" */ = {
			isa = XCConfigurationList;
			buildConfigurations = (
				0987AA392231201300DD3164 /* Debug */,
				0987AA3A2231201300DD3164 /* Release */,
			);
			defaultConfigurationIsVisible = 0;
			defaultConfigurationName = Release;
		};
		0987AA3B2231201300DD3164 /* Build configuration list for PBXNativeTarget "FastlaneProUITests" */ = {
			isa = XCConfigurationList;
			buildConfigurations = (
				0987AA3C2231201300DD3164 /* Debug */,
				0987AA3D2231201300DD3164 /* Release */,
			);
			defaultConfigurationIsVisible = 0;
			defaultConfigurationName = Release;
		};
/* End XCConfigurationList section */
	};
	rootObject = 0987AA052231201000DD3164 /* Project object */;
}
